// !$*UTF8*$!
{
	archiveVersion = 1;
	classes = {
	};
	objectVersion = 50;
	objects = {

/* Begin PBXBuildFile section */
		451E25CF22B5688C0039A495 /* AppDelegate.swift in Sources */ = {isa = PBXBuildFile; fileRef = 451E25CE22B5688C0039A495 /* AppDelegate.swift */; };
		451E25D122B5688C0039A495 /* ViewController.swift in Sources */ = {isa = PBXBuildFile; fileRef = 451E25D022B5688C0039A495 /* ViewController.swift */; };
		451E25D422B5688C0039A495 /* Main.storyboard in Resources */ = {isa = PBXBuildFile; fileRef = 451E25D222B5688C0039A495 /* Main.storyboard */; };
		451E25D622B568900039A495 /* Assets.xcassets in Resources */ = {isa = PBXBuildFile; fileRef = 451E25D522B568900039A495 /* Assets.xcassets */; };
		451E25D922B568900039A495 /* LaunchScreen.storyboard in Resources */ = {isa = PBXBuildFile; fileRef = 451E25D722B568900039A495 /* LaunchScreen.storyboard */; };
		451E25E422B568910039A495 /* BetterRestTests.swift in Sources */ = {isa = PBXBuildFile; fileRef = 451E25E322B568910039A495 /* BetterRestTests.swift */; };
		451E25EF22B568910039A495 /* BetterRestUITests.swift in Sources */ = {isa = PBXBuildFile; fileRef = 451E25EE22B568910039A495 /* BetterRestUITests.swift */; };
		451E25FF22B572CE0039A495 /* SleepCalculator.mlmodel in Sources */ = {isa = PBXBuildFile; fileRef = 451E25FE22B572CE0039A495 /* SleepCalculator.mlmodel */; };
/* End PBXBuildFile section */

/* Begin PBXContainerItemProxy section */
		451E25E022B568900039A495 /* PBXContainerItemProxy */ = {
			isa = PBXContainerItemProxy;
			containerPortal = 451E25C322B5688C0039A495 /* Project object */;
			proxyType = 1;
			remoteGlobalIDString = 451E25CA22B5688C0039A495;
			remoteInfo = BetterRest;
		};
		451E25EB22B568910039A495 /* PBXContainerItemProxy */ = {
			isa = PBXContainerItemProxy;
			containerPortal = 451E25C322B5688C0039A495 /* Project object */;
			proxyType = 1;
			remoteGlobalIDString = 451E25CA22B5688C0039A495;
			remoteInfo = BetterRest;
		};
/* End PBXContainerItemProxy section */

/* Begin PBXFileReference section */
		451E25CB22B5688C0039A495 /* BetterRest.app */ = {isa = PBXFileReference; explicitFileType = wrapper.application; includeInIndex = 0; path = BetterRest.app; sourceTree = BUILT_PRODUCTS_DIR; };
		451E25CE22B5688C0039A495 /* AppDelegate.swift */ = {isa = PBXFileReference; lastKnownFileType = sourcecode.swift; path = AppDelegate.swift; sourceTree = "<group>"; };
		451E25D022B5688C0039A495 /* ViewController.swift */ = {isa = PBXFileReference; lastKnownFileType = sourcecode.swift; path = ViewController.swift; sourceTree = "<group>"; };
		451E25D322B5688C0039A495 /* Base */ = {isa = PBXFileReference; lastKnownFileType = file.storyboard; name = Base; path = Base.lproj/Main.storyboard; sourceTree = "<group>"; };
		451E25D522B568900039A495 /* Assets.xcassets */ = {isa = PBXFileReference; lastKnownFileType = folder.assetcatalog; path = Assets.xcassets; sourceTree = "<group>"; };
		451E25D822B568900039A495 /* Base */ = {isa = PBXFileReference; lastKnownFileType = file.storyboard; name = Base; path = Base.lproj/LaunchScreen.storyboard; sourceTree = "<group>"; };
		451E25DA22B568900039A495 /* Info.plist */ = {isa = PBXFileReference; lastKnownFileType = text.plist.xml; path = Info.plist; sourceTree = "<group>"; };
		451E25DF22B568900039A495 /* BetterRestTests.xctest */ = {isa = PBXFileReference; explicitFileType = wrapper.cfbundle; includeInIndex = 0; path = BetterRestTests.xctest; sourceTree = BUILT_PRODUCTS_DIR; };
		451E25E322B568910039A495 /* BetterRestTests.swift */ = {isa = PBXFileReference; lastKnownFileType = sourcecode.swift; path = BetterRestTests.swift; sourceTree = "<group>"; };
		451E25E522B568910039A495 /* Info.plist */ = {isa = PBXFileReference; lastKnownFileType = text.plist.xml; path = Info.plist; sourceTree = "<group>"; };
		451E25EA22B568910039A495 /* BetterRestUITests.xctest */ = {isa = PBXFileReference; explicitFileType = wrapper.cfbundle; includeInIndex = 0; path = BetterRestUITests.xctest; sourceTree = BUILT_PRODUCTS_DIR; };
		451E25EE22B568910039A495 /* BetterRestUITests.swift */ = {isa = PBXFileReference; lastKnownFileType = sourcecode.swift; path = BetterRestUITests.swift; sourceTree = "<group>"; };
		451E25F022B568910039A495 /* Info.plist */ = {isa = PBXFileReference; lastKnownFileType = text.plist.xml; path = Info.plist; sourceTree = "<group>"; };
		451E25FE22B572CE0039A495 /* SleepCalculator.mlmodel */ = {isa = PBXFileReference; lastKnownFileType = file.mlmodel; path = SleepCalculator.mlmodel; sourceTree = "<group>"; };
/* End PBXFileReference section */

/* Begin PBXFrameworksBuildPhase section */
		451E25C822B5688C0039A495 /* Frameworks */ = {
			isa = PBXFrameworksBuildPhase;
			buildActionMask = 2147483647;
			files = (
			);
			runOnlyForDeploymentPostprocessing = 0;
		};
		451E25DC22B568900039A495 /* Frameworks */ = {
			isa = PBXFrameworksBuildPhase;
			buildActionMask = 2147483647;
			files = (
			);
			runOnlyForDeploymentPostprocessing = 0;
		};
		451E25E722B568910039A495 /* Frameworks */ = {
			isa = PBXFrameworksBuildPhase;
			buildActionMask = 2147483647;
			files = (
			);
			runOnlyForDeploymentPostprocessing = 0;
		};
/* End PBXFrameworksBuildPhase section */

/* Begin PBXGroup section */
		451E25C222B5688C0039A495 = {
			isa = PBXGroup;
			children = (
				451E25CD22B5688C0039A495 /* BetterRest */,
				451E25E222B568900039A495 /* BetterRestTests */,
				451E25ED22B568910039A495 /* BetterRestUITests */,
				451E25CC22B5688C0039A495 /* Products */,
			);
			sourceTree = "<group>";
		};
		451E25CC22B5688C0039A495 /* Products */ = {
			isa = PBXGroup;
			children = (
				451E25CB22B5688C0039A495 /* BetterRest.app */,
				451E25DF22B568900039A495 /* BetterRestTests.xctest */,
				451E25EA22B568910039A495 /* BetterRestUITests.xctest */,
			);
			name = Products;
			sourceTree = "<group>";
		};
		451E25CD22B5688C0039A495 /* BetterRest */ = {
			isa = PBXGroup;
			children = (
				451E25CE22B5688C0039A495 /* AppDelegate.swift */,
				451E25D022B5688C0039A495 /* ViewController.swift */,
				451E25D222B5688C0039A495 /* Main.storyboard */,
				451E25D522B568900039A495 /* Assets.xcassets */,
				451E25D722B568900039A495 /* LaunchScreen.storyboard */,
				451E25FE22B572CE0039A495 /* SleepCalculator.mlmodel */,
				451E25DA22B568900039A495 /* Info.plist */,
			);
			path = BetterRest;
			sourceTree = "<group>";
		};
		451E25E222B568900039A495 /* BetterRestTests */ = {
			isa = PBXGroup;
			children = (
				451E25E322B568910039A495 /* BetterRestTests.swift */,
				451E25E522B568910039A495 /* Info.plist */,
			);
			path = BetterRestTests;
			sourceTree = "<group>";
		};
		451E25ED22B568910039A495 /* BetterRestUITests */ = {
			isa = PBXGroup;
			children = (
				451E25EE22B568910039A495 /* BetterRestUITests.swift */,
				451E25F022B568910039A495 /* Info.plist */,
			);
			path = BetterRestUITests;
			sourceTree = "<group>";
		};
/* End PBXGroup section */

/* Begin PBXNativeTarget section */
		451E25CA22B5688C0039A495 /* BetterRest */ = {
			isa = PBXNativeTarget;
			buildConfigurationList = 451E25F322B568910039A495 /* Build configuration list for PBXNativeTarget "BetterRest" */;
			buildPhases = (
				451E25C722B5688C0039A495 /* Sources */,
				451E25C822B5688C0039A495 /* Frameworks */,
				451E25C922B5688C0039A495 /* Resources */,
			);
			buildRules = (
			);
			dependencies = (
			);
			name = BetterRest;
			productName = BetterRest;
			productReference = 451E25CB22B5688C0039A495 /* BetterRest.app */;
			productType = "com.apple.product-type.application";
		};
		451E25DE22B568900039A495 /* BetterRestTests */ = {
			isa = PBXNativeTarget;
			buildConfigurationList = 451E25F622B568910039A495 /* Build configuration list for PBXNativeTarget "BetterRestTests" */;
			buildPhases = (
				451E25DB22B568900039A495 /* Sources */,
				451E25DC22B568900039A495 /* Frameworks */,
				451E25DD22B568900039A495 /* Resources */,
			);
			buildRules = (
			);
			dependencies = (
				451E25E122B568900039A495 /* PBXTargetDependency */,
			);
			name = BetterRestTests;
			productName = BetterRestTests;
			productReference = 451E25DF22B568900039A495 /* BetterRestTests.xctest */;
			productType = "com.apple.product-type.bundle.unit-test";
		};
		451E25E922B568910039A495 /* BetterRestUITests */ = {
			isa = PBXNativeTarget;
			buildConfigurationList = 451E25F922B568910039A495 /* Build configuration list for PBXNativeTarget "BetterRestUITests" */;
			buildPhases = (
				451E25E622B568910039A495 /* Sources */,
				451E25E722B568910039A495 /* Frameworks */,
				451E25E822B568910039A495 /* Resources */,
			);
			buildRules = (
			);
			dependencies = (
				451E25EC22B568910039A495 /* PBXTargetDependency */,
			);
			name = BetterRestUITests;
			productName = BetterRestUITests;
			productReference = 451E25EA22B568910039A495 /* BetterRestUITests.xctest */;
			productType = "com.apple.product-type.bundle.ui-testing";
		};
/* End PBXNativeTarget section */

/* Begin PBXProject section */
		451E25C322B5688C0039A495 /* Project object */ = {
			isa = PBXProject;
			attributes = {
				LastSwiftUpdateCheck = 1020;
				LastUpgradeCheck = 1020;
				ORGANIZATIONNAME = "Piotr Sirek";
				TargetAttributes = {
					451E25CA22B5688C0039A495 = {
						CreatedOnToolsVersion = 10.2;
					};
					451E25DE22B568900039A495 = {
						CreatedOnToolsVersion = 10.2;
						TestTargetID = 451E25CA22B5688C0039A495;
					};
					451E25E922B568910039A495 = {
						CreatedOnToolsVersion = 10.2;
						TestTargetID = 451E25CA22B5688C0039A495;
					};
				};
			};
			buildConfigurationList = 451E25C622B5688C0039A495 /* Build configuration list for PBXProject "BetterRest" */;
			compatibilityVersion = "Xcode 9.3";
			developmentRegion = en;
			hasScannedForEncodings = 0;
			knownRegions = (
				en,
				Base,
			);
			mainGroup = 451E25C222B5688C0039A495;
			productRefGroup = 451E25CC22B5688C0039A495 /* Products */;
			projectDirPath = "";
			projectRoot = "";
			targets = (
				451E25CA22B5688C0039A495 /* BetterRest */,
				451E25DE22B568900039A495 /* BetterRestTests */,
				451E25E922B568910039A495 /* BetterRestUITests */,
			);
		};
/* End PBXProject section */

/* Begin PBXResourcesBuildPhase section */
		451E25C922B5688C0039A495 /* Resources */ = {
			isa = PBXResourcesBuildPhase;
			buildActionMask = 2147483647;
			files = (
				451E25D922B568900039A495 /* LaunchScreen.storyboard in Resources */,
				451E25D622B568900039A495 /* Assets.xcassets in Resources */,
				451E25D422B5688C0039A495 /* Main.storyboard in Resources */,
			);
			runOnlyForDeploymentPostprocessing = 0;
		};
		451E25DD22B568900039A495 /* Resources */ = {
			isa = PBXResourcesBuildPhase;
			buildActionMask = 2147483647;
			files = (
			);
			runOnlyForDeploymentPostprocessing = 0;
		};
		451E25E822B568910039A495 /* Resources */ = {
			isa = PBXResourcesBuildPhase;
			buildActionMask = 2147483647;
			files = (
			);
			runOnlyForDeploymentPostprocessing = 0;
		};
/* End PBXResourcesBuildPhase section */

/* Begin PBXSourcesBuildPhase section */
		451E25C722B5688C0039A495 /* Sources */ = {
			isa = PBXSourcesBuildPhase;
			buildActionMask = 2147483647;
			files = (
				451E25D122B5688C0039A495 /* ViewController.swift in Sources */,
				451E25FF22B572CE0039A495 /* SleepCalculator.mlmodel in Sources */,
				451E25CF22B5688C0039A495 /* AppDelegate.swift in Sources */,
			);
			runOnlyForDeploymentPostprocessing = 0;
		};
		451E25DB22B568900039A495 /* Sources */ = {
			isa = PBXSourcesBuildPhase;
			buildActionMask = 2147483647;
			files = (
				451E25E422B568910039A495 /* BetterRestTests.swift in Sources */,
			);
			runOnlyForDeploymentPostprocessing = 0;
		};
		451E25E622B568910039A495 /* Sources */ = {
			isa = PBXSourcesBuildPhase;
			buildActionMask = 2147483647;
			files = (
				451E25EF22B568910039A495 /* BetterRestUITests.swift in Sources */,
			);
			runOnlyForDeploymentPostprocessing = 0;
		};
/* End PBXSourcesBuildPhase section */

/* Begin PBXTargetDependency section */
		451E25E122B568900039A495 /* PBXTargetDependency */ = {
			isa = PBXTargetDependency;
			target = 451E25CA22B5688C0039A495 /* BetterRest */;
			targetProxy = 451E25E022B568900039A495 /* PBXContainerItemProxy */;
		};
		451E25EC22B568910039A495 /* PBXTargetDependency */ = {
			isa = PBXTargetDependency;
			target = 451E25CA22B5688C0039A495 /* BetterRest */;
			targetProxy = 451E25EB22B568910039A495 /* PBXContainerItemProxy */;
		};
/* End PBXTargetDependency section */

/* Begin PBXVariantGroup section */
		451E25D222B5688C0039A495 /* Main.storyboard */ = {
			isa = PBXVariantGroup;
			children = (
				451E25D322B5688C0039A495 /* Base */,
			);
			name = Main.storyboard;
			sourceTree = "<group>";
		};
		451E25D722B568900039A495 /* LaunchScreen.storyboard */ = {
			isa = PBXVariantGroup;
			children = (
				451E25D822B568900039A495 /* Base */,
			);
			name = LaunchScreen.storyboard;
			sourceTree = "<group>";
		};
/* End PBXVariantGroup section */

/* Begin XCBuildConfiguration section */
		451E25F122B568910039A495 /* Debug */ = {
			isa = XCBuildConfiguration;
			buildSettings = {
				ALWAYS_SEARCH_USER_PATHS = NO;
				CLANG_ANALYZER_NONNULL = YES;
				CLANG_ANALYZER_NUMBER_OBJECT_CONVERSION = YES_AGGRESSIVE;
				CLANG_CXX_LANGUAGE_STANDARD = "gnu++14";
				CLANG_CXX_LIBRARY = "libc++";
				CLANG_ENABLE_MODULES = YES;
				CLANG_ENABLE_OBJC_ARC = YES;
				CLANG_ENABLE_OBJC_WEAK = YES;
				CLANG_WARN_BLOCK_CAPTURE_AUTORELEASING = YES;
				CLANG_WARN_BOOL_CONVERSION = YES;
				CLANG_WARN_COMMA = YES;
				CLANG_WARN_CONSTANT_CONVERSION = YES;
				CLANG_WARN_DEPRECATED_OBJC_IMPLEMENTATIONS = YES;
				CLANG_WARN_DIRECT_OBJC_ISA_USAGE = YES_ERROR;
				CLANG_WARN_DOCUMENTATION_COMMENTS = YES;
				CLANG_WARN_EMPTY_BODY = YES;
				CLANG_WARN_ENUM_CONVERSION = YES;
				CLANG_WARN_INFINITE_RECURSION = YES;
				CLANG_WARN_INT_CONVERSION = YES;
				CLANG_WARN_NON_LITERAL_NULL_CONVERSION = YES;
				CLANG_WARN_OBJC_IMPLICIT_RETAIN_SELF = YES;
				CLANG_WARN_OBJC_LITERAL_CONVERSION = YES;
				CLANG_WARN_OBJC_ROOT_CLASS = YES_ERROR;
				CLANG_WARN_RANGE_LOOP_ANALYSIS = YES;
				CLANG_WARN_STRICT_PROTOTYPES = YES;
				CLANG_WARN_SUSPICIOUS_MOVE = YES;
				CLANG_WARN_UNGUARDED_AVAILABILITY = YES_AGGRESSIVE;
				CLANG_WARN_UNREACHABLE_CODE = YES;
				CLANG_WARN__DUPLICATE_METHOD_MATCH = YES;
				CODE_SIGN_IDENTITY = "iPhone Developer";
				COPY_PHASE_STRIP = NO;
				DEBUG_INFORMATION_FORMAT = dwarf;
				ENABLE_STRICT_OBJC_MSGSEND = YES;
				ENABLE_TESTABILITY = YES;
				GCC_C_LANGUAGE_STANDARD = gnu11;
				GCC_DYNAMIC_NO_PIC = NO;
				GCC_NO_COMMON_BLOCKS = YES;
				GCC_OPTIMIZATION_LEVEL = 0;
				GCC_PREPROCESSOR_DEFINITIONS = (
					"DEBUG=1",
					"$(inherited)",
				);
				GCC_WARN_64_TO_32_BIT_CONVERSION = YES;
				GCC_WARN_ABOUT_RETURN_TYPE = YES_ERROR;
				GCC_WARN_UNDECLARED_SELECTOR = YES;
				GCC_WARN_UNINITIALIZED_AUTOS = YES_AGGRESSIVE;
				GCC_WARN_UNUSED_FUNCTION = YES;
				GCC_WARN_UNUSED_VARIABLE = YES;
				IPHONEOS_DEPLOYMENT_TARGET = 12.2;
				MTL_ENABLE_DEBUG_INFO = INCLUDE_SOURCE;
				MTL_FAST_MATH = YES;
				ONLY_ACTIVE_ARCH = YES;
				SDKROOT = iphoneos;
				SWIFT_ACTIVE_COMPILATION_CONDITIONS = DEBUG;
				SWIFT_OPTIMIZATION_LEVEL = "-Onone";
			};
			name = Debug;
		};
		451E25F222B568910039A495 /* Release */ = {
			isa = XCBuildConfiguration;
			buildSettings = {
				ALWAYS_SEARCH_USER_PATHS = NO;
				CLANG_ANALYZER_NONNULL = YES;
				CLANG_ANALYZER_NUMBER_OBJECT_CONVERSION = YES_AGGRESSIVE;
				CLANG_CXX_LANGUAGE_STANDARD = "gnu++14";
				CLANG_CXX_LIBRARY = "libc++";
				CLANG_ENABLE_MODULES = YES;
				CLANG_ENABLE_OBJC_ARC = YES;
				CLANG_ENABLE_OBJC_WEAK = YES;
				CLANG_WARN_BLOCK_CAPTURE_AUTORELEASING = YES;
				CLANG_WARN_BOOL_CONVERSION = YES;
				CLANG_WARN_COMMA = YES;
				CLANG_WARN_CONSTANT_CONVERSION = YES;
				CLANG_WARN_DEPRECATED_OBJC_IMPLEMENTATIONS = YES;
				CLANG_WARN_DIRECT_OBJC_ISA_USAGE = YES_ERROR;
				CLANG_WARN_DOCUMENTATION_COMMENTS = YES;
				CLANG_WARN_EMPTY_BODY = YES;
				CLANG_WARN_ENUM_CONVERSION = YES;
				CLANG_WARN_INFINITE_RECURSION = YES;
				CLANG_WARN_INT_CONVERSION = YES;
				CLANG_WARN_NON_LITERAL_NULL_CONVERSION = YES;
				CLANG_WARN_OBJC_IMPLICIT_RETAIN_SELF = YES;
				CLANG_WARN_OBJC_LITERAL_CONVERSION = YES;
				CLANG_WARN_OBJC_ROOT_CLASS = YES_ERROR;
				CLANG_WARN_RANGE_LOOP_ANALYSIS = YES;
				CLANG_WARN_STRICT_PROTOTYPES = YES;
				CLANG_WARN_SUSPICIOUS_MOVE = YES;
				CLANG_WARN_UNGUARDED_AVAILABILITY = YES_AGGRESSIVE;
				CLANG_WARN_UNREACHABLE_CODE = YES;
				CLANG_WARN__DUPLICATE_METHOD_MATCH = YES;
				CODE_SIGN_IDENTITY = "iPhone Developer";
				COPY_PHASE_STRIP = NO;
				DEBUG_INFORMATION_FORMAT = "dwarf-with-dsym";
				ENABLE_NS_ASSERTIONS = NO;
				ENABLE_STRICT_OBJC_MSGSEND = YES;
				GCC_C_LANGUAGE_STANDARD = gnu11;
				GCC_NO_COMMON_BLOCKS = YES;
				GCC_WARN_64_TO_32_BIT_CONVERSION = YES;
				GCC_WARN_ABOUT_RETURN_TYPE = YES_ERROR;
				GCC_WARN_UNDECLARED_SELECTOR = YES;
				GCC_WARN_UNINITIALIZED_AUTOS = YES_AGGRESSIVE;
				GCC_WARN_UNUSED_FUNCTION = YES;
				GCC_WARN_UNUSED_VARIABLE = YES;
				IPHONEOS_DEPLOYMENT_TARGET = 12.2;
				MTL_ENABLE_DEBUG_INFO = NO;
				MTL_FAST_MATH = YES;
				SDKROOT = iphoneos;
				SWIFT_COMPILATION_MODE = wholemodule;
				SWIFT_OPTIMIZATION_LEVEL = "-O";
				VALIDATE_PRODUCT = YES;
			};
			name = Release;
		};
		451E25F422B568910039A495 /* Debug */ = {
			isa = XCBuildConfiguration;
			buildSettings = {
				ASSETCATALOG_COMPILER_APPICON_NAME = AppIcon;
				CODE_SIGN_STYLE = Automatic;
				DEVELOPMENT_TEAM = 5989FAYJSD;
				INFOPLIST_FILE = BetterRest/Info.plist;
				LD_RUNPATH_SEARCH_PATHS = (
					"$(inherited)",
					"@executable_path/Frameworks",
				);
				PRODUCT_BUNDLE_IDENTIFIER = "sirek-piotr.BetterRest";
				PRODUCT_NAME = "$(TARGET_NAME)";
				SWIFT_VERSION = 5.0;
				TARGETED_DEVICE_FAMILY = "1,2";
			};
			name = Debug;
		};
		451E25F522B568910039A495 /* Release */ = {
			isa = XCBuildConfiguration;
			buildSettings = {
				ASSETCATALOG_COMPILER_APPICON_NAME = AppIcon;
				CODE_SIGN_STYLE = Automatic;
				DEVELOPMENT_TEAM = 5989FAYJSD;
				INFOPLIST_FILE = BetterRest/Info.plist;
				LD_RUNPATH_SEARCH_PATHS = (
					"$(inherited)",
					"@executable_path/Frameworks",
				);
				PRODUCT_BUNDLE_IDENTIFIER = "sirek-piotr.BetterRest";
				PRODUCT_NAME = "$(TARGET_NAME)";
				SWIFT_VERSION = 5.0;
				TARGETED_DEVICE_FAMILY = "1,2";
			};
			name = Release;
		};
		451E25F722B568910039A495 /* Debug */ = {
			isa = XCBuildConfiguration;
			buildSettings = {
				ALWAYS_EMBED_SWIFT_STANDARD_LIBRARIES = YES;
				BUNDLE_LOADER = "$(TEST_HOST)";
				CODE_SIGN_STYLE = Automatic;
				DEVELOPMENT_TEAM = 5989FAYJSD;
				INFOPLIST_FILE = BetterRestTests/Info.plist;
				LD_RUNPATH_SEARCH_PATHS = (
					"$(inherited)",
					"@executable_path/Frameworks",
					"@loader_path/Frameworks",
				);
				PRODUCT_BUNDLE_IDENTIFIER = sirek.piotr.BetterRestTests;
				PRODUCT_NAME = "$(TARGET_NAME)";
				SWIFT_VERSION = 5.0;
				TARGETED_DEVICE_FAMILY = "1,2";
				TEST_HOST = "$(BUILT_PRODUCTS_DIR)/BetterRest.app/BetterRest";
			};
			name = Debug;
		};
		451E25F822B568910039A495 /* Release */ = {
			isa = XCBuildConfiguration;
			buildSettings = {
				ALWAYS_EMBED_SWIFT_STANDARD_LIBRARIES = YES;
				BUNDLE_LOADER = "$(TEST_HOST)";
				CODE_SIGN_STYLE = Automatic;
				DEVELOPMENT_TEAM = 5989FAYJSD;
				INFOPLIST_FILE = BetterRestTests/Info.plist;
				LD_RUNPATH_SEARCH_PATHS = (
					"$(inherited)",
					"@executable_path/Frameworks",
					"@loader_path/Frameworks",
				);
				PRODUCT_BUNDLE_IDENTIFIER = sirek.piotr.BetterRestTests;
				PRODUCT_NAME = "$(TARGET_NAME)";
				SWIFT_VERSION = 5.0;
				TARGETED_DEVICE_FAMILY = "1,2";
				TEST_HOST = "$(BUILT_PRODUCTS_DIR)/BetterRest.app/BetterRest";
			};
			name = Release;
		};
		451E25FA22B568910039A495 /* Debug */ = {
			isa = XCBuildConfiguration;
			buildSettings = {
				ALWAYS_EMBED_SWIFT_STANDARD_LIBRARIES = YES;
				CODE_SIGN_STYLE = Automatic;
				DEVELOPMENT_TEAM = 5989FAYJSD;
				INFOPLIST_FILE = BetterRestUITests/Info.plist;
				LD_RUNPATH_SEARCH_PATHS = (
					"$(inherited)",
					"@executable_path/Frameworks",
					"@loader_path/Frameworks",
				);
				PRODUCT_BUNDLE_IDENTIFIER = sirek.piotr.BetterRestUITests;
				PRODUCT_NAME = "$(TARGET_NAME)";
				SWIFT_VERSION = 5.0;
				TARGETED_DEVICE_FAMILY = "1,2";
				TEST_TARGET_NAME = BetterRest;
			};
			name = Debug;
		};
		451E25FB22B568910039A495 /* Release */ = {
			isa = XCBuildConfiguration;
			buildSettings = {
				ALWAYS_EMBED_SWIFT_STANDARD_LIBRARIES = YES;
				CODE_SIGN_STYLE = Automatic;
				DEVELOPMENT_TEAM = 5989FAYJSD;
				INFOPLIST_FILE = BetterRestUITests/Info.plist;
				LD_RUNPATH_SEARCH_PATHS = (
					"$(inherited)",
					"@executable_path/Frameworks",
					"@loader_path/Frameworks",
				);
				PRODUCT_BUNDLE_IDENTIFIER = sirek.piotr.BetterRestUITests;
				PRODUCT_NAME = "$(TARGET_NAME)";
				SWIFT_VERSION = 5.0;
				TARGETED_DEVICE_FAMILY = "1,2";
				TEST_TARGET_NAME = BetterRest;
			};
			name = Release;
		};
/* End XCBuildConfiguration section */

/* Begin XCConfigurationList section */
		451E25C622B5688C0039A495 /* Build configuration list for PBXProject "BetterRest" */ = {
			isa = XCConfigurationList;
			buildConfigurations = (
				451E25F122B568910039A495 /* Debug */,
				451E25F222B568910039A495 /* Release */,
			);
			defaultConfigurationIsVisible = 0;
			defaultConfigurationName = Release;
		};
		451E25F322B568910039A495 /* Build configuration list for PBXNativeTarget "BetterRest" */ = {
			isa = XCConfigurationList;
			buildConfigurations = (
				451E25F422B568910039A495 /* Debug */,
				451E25F522B568910039A495 /* Release */,
			);
			defaultConfigurationIsVisible = 0;
			defaultConfigurationName = Release;
		};
		451E25F622B568910039A495 /* Build configuration list for PBXNativeTarget "BetterRestTests" */ = {
			isa = XCConfigurationList;
			buildConfigurations = (
				451E25F722B568910039A495 /* Debug */,
				451E25F822B568910039A495 /* Release */,
			);
			defaultConfigurationIsVisible = 0;
			defaultConfigurationName = Release;
		};
		451E25F922B568910039A495 /* Build configuration list for PBXNativeTarget "BetterRestUITests" */ = {
			isa = XCConfigurationList;
			buildConfigurations = (
				451E25FA22B568910039A495 /* Debug */,
				451E25FB22B568910039A495 /* Release */,
			);
			defaultConfigurationIsVisible = 0;
			defaultConfigurationName = Release;
		};
/* End XCConfigurationList section */
	};
	rootObject = 451E25C322B5688C0039A495 /* Project object */;
}
